{
    "name": "angular-form-status-workaround",
    "version": "1.0.1",
    "lockfileVersion": 1,
    "requires": true,
    "dependencies": {
        "@angular/core": {
            "version": "2.4.10",
            "resolved": "https://registry.npmjs.org/@angular/core/-/core-2.4.10.tgz",
            "integrity": "sha1-C4MgplBlll2ZhkWx9c0892m0Qeo="
        },
        "@angular/forms": {
            "version": "2.4.10",
            "resolved": "https://registry.npmjs.org/@angular/forms/-/forms-2.4.10.tgz",
            "integrity": "sha1-BiEzqq3h87PJYvFZMgjFQbYi/QY="
        },
        "rxjs": {
            "version": "5.5.10",
            "resolved": "https://registry.npmjs.org/rxjs/-/rxjs-5.5.10.tgz",
            "integrity": "sha512-SRjimIDUHJkon+2hFo7xnvNC4ZEHGzCRwh9P7nzX3zPkCGFEg/tuElrNR7L/rZMagnK2JeH2jQwPRpmyXyLB6A==",
            "requires": {
                "symbol-observable": "1.0.1"
            }
        },
        "symbol-observable": {
            "version": "1.0.1",
            "resolved": "https://registry.npmjs.org/symbol-observable/-/symbol-observable-1.0.1.tgz",
            "integrity": "sha1-g0D8RwLDEi310iKI+IKD9RPT/dQ="
        }
    }
}
